
Microsoft Visual Studio Solution File, Format Version 12.00
# Visual Studio Version 16
VisualStudioVersion = 16.0.31005.135
MinimumVisualStudioVersion = 10.0.40219.1
Project("{9A19103F-16F7-4668-BE54-9A1E7A4F7556}") = "FactureXpressProject", "FactureXpressProject\FactureXpressProject.csproj", "{305F32A5-F479-4AD2-8153-EF939834A1CB}"
EndProject
Global
	GlobalSection(SolutionConfigurationPlatforms) = preSolution
		Debug|Any CPU = Debug|Any CPU
		Release|Any CPU = Release|Any CPU
	EndGlobalSection
	GlobalSection(ProjectConfigurationPlatforms) = postSolution
		{305F32A5-F479-4AD2-8153-EF939834A1CB}.Debug|Any CPU.ActiveCfg = Debug|Any CPU
		{305F32A5-F479-4AD2-8153-EF939834A1CB}.Debug|Any CPU.Build.0 = Debug|Any CPU
		{305F32A5-F479-4AD2-8153-EF939834A1CB}.Release|Any CPU.ActiveCfg = Release|Any CPU
		{305F32A5-F479-4AD2-8153-EF939834A1CB}.Release|Any CPU.Build.0 = Release|Any CPU
	EndGlobalSection
	GlobalSection(SolutionProperties) = preSolution
		HideSolutionNode = FALSE
	EndGlobalSection
	GlobalSection(ExtensibilityGlobals) = postSolution
		SolutionGuid = {B65820C0-D31E-4E28-B2CD-7E4729481C0B}
	EndGlobalSection
EndGlobal
